
Microsoft Visual Studio Solution File, Format Version 12.00
# Visual Studio 15
VisualStudioVersion = 15.0.27703.2000
MinimumVisualStudioVersion = 10.0.40219.1
Project("{FAE04EC0-301F-11D3-BF4B-00C04F79EFBC}") = "PhotoChanger", "PhotoChanger\PhotoChanger.csproj", "{59F9E5BE-DE24-473D-B794-CDC7876DE00E}"
EndProject
Global
	GlobalSection(SolutionConfigurationPlatforms) = preSolution
		Debug|Any CPU = Debug|Any CPU
		Release|Any CPU = Release|Any CPU
	EndGlobalSection
	GlobalSection(ProjectConfigurationPlatforms) = postSolution
		{59F9E5BE-DE24-473D-B794-CDC7876DE00E}.Debug|Any CPU.ActiveCfg = Debug|Any CPU
		{59F9E5BE-DE24-473D-B794-CDC7876DE00E}.Debug|Any CPU.Build.0 = Debug|Any CPU
		{59F9E5BE-DE24-473D-B794-CDC7876DE00E}.Release|Any CPU.ActiveCfg = Release|Any CPU
		{59F9E5BE-DE24-473D-B794-CDC7876DE00E}.Release|Any CPU.Build.0 = Release|Any CPU
	EndGlobalSection
	GlobalSection(SolutionProperties) = preSolution
		HideSolutionNode = FALSE
	EndGlobalSection
	GlobalSection(ExtensibilityGlobals) = postSolution
		SolutionGuid = {8C1E8578-4015-493C-ADF2-B0368CB39D95}
	EndGlobalSection
EndGlobal
